
Microsoft Visual Studio Solution File, Format Version 12.00
# Visual Studio Version 16
VisualStudioVersion = 16.0.30907.101
MinimumVisualStudioVersion = 10.0.40219.1
Project("{9A19103F-16F7-4668-BE54-9A1E7A4F7556}") = "01.DiagonalDifference", "01.DiagonalDifference\01.DiagonalDifference.csproj", "{4E9ED130-AE68-4DB7-AC1F-A5507AF6E37E}"
EndProject
Project("{9A19103F-16F7-4668-BE54-9A1E7A4F7556}") = "02.SquaresInMatrix", "02.SquaresInMatrix\02.SquaresInMatrix.csproj", "{ECEF38D2-7C1C-4E76-A923-5081DDCE83D8}"
EndProject
Project("{9A19103F-16F7-4668-BE54-9A1E7A4F7556}") = "03.MaximalSum", "03.MaximalSum\03.MaximalSum.csproj", "{EABDE9D2-0C10-4616-83B2-6248C58D7B34}"
EndProject
Project("{9A19103F-16F7-4668-BE54-9A1E7A4F7556}") = "04.MatrixShuffling", "04.MatrixShuffling\04.MatrixShuffling.csproj", "{4E6686C1-4D2D-4743-A37D-F26AF4C241B7}"
EndProject
Project("{9A19103F-16F7-4668-BE54-9A1E7A4F7556}") = "05.SnakeMoves", "05.SnakeMoves\05.SnakeMoves.csproj", "{EED62F20-FE1A-44D3-ACD3-4F9463554CAD}"
EndProject
Project("{9A19103F-16F7-4668-BE54-9A1E7A4F7556}") = "06.JaggedArrayManipulator", "06.JaggedArrayManipulator\06.JaggedArrayManipulator.csproj", "{5C5EC17F-C993-44B7-87EB-81B8A15BBAEE}"
EndProject
Project("{9A19103F-16F7-4668-BE54-9A1E7A4F7556}") = "07.KnightGame", "07.KnightGame\07.KnightGame.csproj", "{CAC9BC18-C3E4-4A91-8EE8-7B9E6471A33D}"
EndProject
Project("{FAE04EC0-301F-11D3-BF4B-00C04F79EFBC}") = "10.VampireBunnies", "10.VampireBunnies\10.VampireBunnies.csproj", "{9BFB60D2-D10E-4302-AC3E-8F35F1D54474}"
EndProject
Project("{FAE04EC0-301F-11D3-BF4B-00C04F79EFBC}") = "08.Bombs", "08.Bombs\08.Bombs.csproj", "{E2063DB5-640F-418F-B7AA-D77D4D4FDFEE}"
EndProject
Global
	GlobalSection(SolutionConfigurationPlatforms) = preSolution
		Debug|Any CPU = Debug|Any CPU
		Release|Any CPU = Release|Any CPU
	EndGlobalSection
	GlobalSection(ProjectConfigurationPlatforms) = postSolution
		{4E9ED130-AE68-4DB7-AC1F-A5507AF6E37E}.Debug|Any CPU.ActiveCfg = Debug|Any CPU
		{4E9ED130-AE68-4DB7-AC1F-A5507AF6E37E}.Debug|Any CPU.Build.0 = Debug|Any CPU
		{4E9ED130-AE68-4DB7-AC1F-A5507AF6E37E}.Release|Any CPU.ActiveCfg = Release|Any CPU
		{4E9ED130-AE68-4DB7-AC1F-A5507AF6E37E}.Release|Any CPU.Build.0 = Release|Any CPU
		{ECEF38D2-7C1C-4E76-A923-5081DDCE83D8}.Debug|Any CPU.ActiveCfg = Debug|Any CPU
		{ECEF38D2-7C1C-4E76-A923-5081DDCE83D8}.Debug|Any CPU.Build.0 = Debug|Any CPU
		{ECEF38D2-7C1C-4E76-A923-5081DDCE83D8}.Release|Any CPU.ActiveCfg = Release|Any CPU
		{ECEF38D2-7C1C-4E76-A923-5081DDCE83D8}.Release|Any CPU.Build.0 = Release|Any CPU
		{EABDE9D2-0C10-4616-83B2-6248C58D7B34}.Debug|Any CPU.ActiveCfg = Debug|Any CPU
		{EABDE9D2-0C10-4616-83B2-6248C58D7B34}.Debug|Any CPU.Build.0 = Debug|Any CPU
		{EABDE9D2-0C10-4616-83B2-6248C58D7B34}.Release|Any CPU.ActiveCfg = Release|Any CPU
		{EABDE9D2-0C10-4616-83B2-6248C58D7B34}.Release|Any CPU.Build.0 = Release|Any CPU
		{4E6686C1-4D2D-4743-A37D-F26AF4C241B7}.Debug|Any CPU.ActiveCfg = Debug|Any CPU
		{4E6686C1-4D2D-4743-A37D-F26AF4C241B7}.Debug|Any CPU.Build.0 = Debug|Any CPU
		{4E6686C1-4D2D-4743-A37D-F26AF4C241B7}.Release|Any CPU.ActiveCfg = Release|Any CPU
		{4E6686C1-4D2D-4743-A37D-F26AF4C241B7}.Release|Any CPU.Build.0 = Release|Any CPU
		{EED62F20-FE1A-44D3-ACD3-4F9463554CAD}.Debug|Any CPU.ActiveCfg = Debug|Any CPU
		{EED62F20-FE1A-44D3-ACD3-4F9463554CAD}.Debug|Any CPU.Build.0 = Debug|Any CPU
		{EED62F20-FE1A-44D3-ACD3-4F9463554CAD}.Release|Any CPU.ActiveCfg = Release|Any CPU
		{EED62F20-FE1A-44D3-ACD3-4F9463554CAD}.Release|Any CPU.Build.0 = Release|Any CPU
		{5C5EC17F-C993-44B7-87EB-81B8A15BBAEE}.Debug|Any CPU.ActiveCfg = Debug|Any CPU
		{5C5EC17F-C993-44B7-87EB-81B8A15BBAEE}.Debug|Any CPU.Build.0 = Debug|Any CPU
		{5C5EC17F-C993-44B7-87EB-81B8A15BBAEE}.Release|Any CPU.ActiveCfg = Release|Any CPU
		{5C5EC17F-C993-44B7-87EB-81B8A15BBAEE}.Release|Any CPU.Build.0 = Release|Any CPU
		{CAC9BC18-C3E4-4A91-8EE8-7B9E6471A33D}.Debug|Any CPU.ActiveCfg = Debug|Any CPU
		{CAC9BC18-C3E4-4A91-8EE8-7B9E6471A33D}.Debug|Any CPU.Build.0 = Debug|Any CPU
		{CAC9BC18-C3E4-4A91-8EE8-7B9E6471A33D}.Release|Any CPU.ActiveCfg = Release|Any CPU
		{CAC9BC18-C3E4-4A91-8EE8-7B9E6471A33D}.Release|Any CPU.Build.0 = Release|Any CPU
		{9BFB60D2-D10E-4302-AC3E-8F35F1D54474}.Debug|Any CPU.ActiveCfg = Debug|Any CPU
		{9BFB60D2-D10E-4302-AC3E-8F35F1D54474}.Debug|Any CPU.Build.0 = Debug|Any CPU
		{9BFB60D2-D10E-4302-AC3E-8F35F1D54474}.Release|Any CPU.ActiveCfg = Release|Any CPU
		{9BFB60D2-D10E-4302-AC3E-8F35F1D54474}.Release|Any CPU.Build.0 = Release|Any CPU
		{E2063DB5-640F-418F-B7AA-D77D4D4FDFEE}.Debug|Any CPU.ActiveCfg = Debug|Any CPU
		{E2063DB5-640F-418F-B7AA-D77D4D4FDFEE}.Debug|Any CPU.Build.0 = Debug|Any CPU
		{E2063DB5-640F-418F-B7AA-D77D4D4FDFEE}.Release|Any CPU.ActiveCfg = Release|Any CPU
		{E2063DB5-640F-418F-B7AA-D77D4D4FDFEE}.Release|Any CPU.Build.0 = Release|Any CPU
	EndGlobalSection
	GlobalSection(SolutionProperties) = preSolution
		HideSolutionNode = FALSE
	EndGlobalSection
	GlobalSection(ExtensibilityGlobals) = postSolution
		SolutionGuid = {E9599AAB-976E-43A9-AA76-C2847B92F9C8}
	EndGlobalSection
EndGlobal
