
Microsoft Visual Studio Solution File, Format Version 12.00
# Visual Studio Version 16
VisualStudioVersion = 16.0.30907.101
MinimumVisualStudioVersion = 10.0.40219.1
Project("{9A19103F-16F7-4668-BE54-9A1E7A4F7556}") = "01.SumMatrixElements", "01.SumMatrixElements\01.SumMatrixElements.csproj", "{A5D0D629-BA5F-4A20-9675-113F5F678FC5}"
EndProject
Project("{9A19103F-16F7-4668-BE54-9A1E7A4F7556}") = "03.PrimaryDiagonal", "03.PrimaryDiagonal\03.PrimaryDiagonal.csproj", "{807A2DC2-D065-44BA-8B9A-A60A758E41FD}"
EndProject
Project("{9A19103F-16F7-4668-BE54-9A1E7A4F7556}") = "04.SymbolInMatrix", "04.SymbolInMatrix\04.SymbolInMatrix.csproj", "{AE807BF0-31E2-44A0-87BD-623F8F07DDC4}"
EndProject
Project("{9A19103F-16F7-4668-BE54-9A1E7A4F7556}") = "05.SquareWithMaximumSum", "05.SquareWithMaximumSum\05.SquareWithMaximumSum.csproj", "{B40C6B0D-FD79-4690-AE5A-E2F8A05A3EF6}"
EndProject
Project("{9A19103F-16F7-4668-BE54-9A1E7A4F7556}") = "06.Jagged-ArrayModification", "06.Jagged-ArrayModification\06.Jagged-ArrayModification.csproj", "{110887A9-D621-4A05-B6AC-22ADFFFDA348}"
EndProject
Project("{FAE04EC0-301F-11D3-BF4B-00C04F79EFBC}") = "02.SumMatrixColumns", "02.SumMatrixColumns\02.SumMatrixColumns.csproj", "{16C06434-C2AD-4673-A378-7D0475938DE5}"
EndProject
Project("{FAE04EC0-301F-11D3-BF4B-00C04F79EFBC}") = "07.PascalTriangle", "07.PascalTriangle\07.PascalTriangle.csproj", "{E4923F13-C326-4134-B39A-E61A43C1D7B6}"
EndProject
Global
	GlobalSection(SolutionConfigurationPlatforms) = preSolution
		Debug|Any CPU = Debug|Any CPU
		Release|Any CPU = Release|Any CPU
	EndGlobalSection
	GlobalSection(ProjectConfigurationPlatforms) = postSolution
		{A5D0D629-BA5F-4A20-9675-113F5F678FC5}.Debug|Any CPU.ActiveCfg = Debug|Any CPU
		{A5D0D629-BA5F-4A20-9675-113F5F678FC5}.Debug|Any CPU.Build.0 = Debug|Any CPU
		{A5D0D629-BA5F-4A20-9675-113F5F678FC5}.Release|Any CPU.ActiveCfg = Release|Any CPU
		{A5D0D629-BA5F-4A20-9675-113F5F678FC5}.Release|Any CPU.Build.0 = Release|Any CPU
		{807A2DC2-D065-44BA-8B9A-A60A758E41FD}.Debug|Any CPU.ActiveCfg = Debug|Any CPU
		{807A2DC2-D065-44BA-8B9A-A60A758E41FD}.Debug|Any CPU.Build.0 = Debug|Any CPU
		{807A2DC2-D065-44BA-8B9A-A60A758E41FD}.Release|Any CPU.ActiveCfg = Release|Any CPU
		{807A2DC2-D065-44BA-8B9A-A60A758E41FD}.Release|Any CPU.Build.0 = Release|Any CPU
		{AE807BF0-31E2-44A0-87BD-623F8F07DDC4}.Debug|Any CPU.ActiveCfg = Debug|Any CPU
		{AE807BF0-31E2-44A0-87BD-623F8F07DDC4}.Debug|Any CPU.Build.0 = Debug|Any CPU
		{AE807BF0-31E2-44A0-87BD-623F8F07DDC4}.Release|Any CPU.ActiveCfg = Release|Any CPU
		{AE807BF0-31E2-44A0-87BD-623F8F07DDC4}.Release|Any CPU.Build.0 = Release|Any CPU
		{B40C6B0D-FD79-4690-AE5A-E2F8A05A3EF6}.Debug|Any CPU.ActiveCfg = Debug|Any CPU
		{B40C6B0D-FD79-4690-AE5A-E2F8A05A3EF6}.Debug|Any CPU.Build.0 = Debug|Any CPU
		{B40C6B0D-FD79-4690-AE5A-E2F8A05A3EF6}.Release|Any CPU.ActiveCfg = Release|Any CPU
		{B40C6B0D-FD79-4690-AE5A-E2F8A05A3EF6}.Release|Any CPU.Build.0 = Release|Any CPU
		{110887A9-D621-4A05-B6AC-22ADFFFDA348}.Debug|Any CPU.ActiveCfg = Debug|Any CPU
		{110887A9-D621-4A05-B6AC-22ADFFFDA348}.Debug|Any CPU.Build.0 = Debug|Any CPU
		{110887A9-D621-4A05-B6AC-22ADFFFDA348}.Release|Any CPU.ActiveCfg = Release|Any CPU
		{110887A9-D621-4A05-B6AC-22ADFFFDA348}.Release|Any CPU.Build.0 = Release|Any CPU
		{16C06434-C2AD-4673-A378-7D0475938DE5}.Debug|Any CPU.ActiveCfg = Debug|Any CPU
		{16C06434-C2AD-4673-A378-7D0475938DE5}.Debug|Any CPU.Build.0 = Debug|Any CPU
		{16C06434-C2AD-4673-A378-7D0475938DE5}.Release|Any CPU.ActiveCfg = Release|Any CPU
		{16C06434-C2AD-4673-A378-7D0475938DE5}.Release|Any CPU.Build.0 = Release|Any CPU
		{E4923F13-C326-4134-B39A-E61A43C1D7B6}.Debug|Any CPU.ActiveCfg = Debug|Any CPU
		{E4923F13-C326-4134-B39A-E61A43C1D7B6}.Debug|Any CPU.Build.0 = Debug|Any CPU
		{E4923F13-C326-4134-B39A-E61A43C1D7B6}.Release|Any CPU.ActiveCfg = Release|Any CPU
		{E4923F13-C326-4134-B39A-E61A43C1D7B6}.Release|Any CPU.Build.0 = Release|Any CPU
	EndGlobalSection
	GlobalSection(SolutionProperties) = preSolution
		HideSolutionNode = FALSE
	EndGlobalSection
	GlobalSection(ExtensibilityGlobals) = postSolution
		SolutionGuid = {B3E48FE8-BBDC-4C7A-A124-619F339A8BB9}
	EndGlobalSection
EndGlobal
