
Microsoft Visual Studio Solution File, Format Version 12.00
# Visual Studio Version 16
VisualStudioVersion = 16.0.31205.134
MinimumVisualStudioVersion = 10.0.40219.1
Project("{9A19103F-16F7-4668-BE54-9A1E7A4F7556}") = "1.OddLines", "1.OddLines\1.OddLines.csproj", "{7DCE22F3-90EA-477A-B828-71140E36D0F3}"
EndProject
Project("{9A19103F-16F7-4668-BE54-9A1E7A4F7556}") = "2.LineNumbers", "2.LineNumbers\2.LineNumbers.csproj", "{FE510204-5266-49D3-A20B-94910FEAF2F0}"
EndProject
Project("{9A19103F-16F7-4668-BE54-9A1E7A4F7556}") = "3.WordCount", "3.WordCount\3.WordCount.csproj", "{53BE1A9F-9BC3-400A-9EA3-55A0E3116856}"
EndProject
Project("{9A19103F-16F7-4668-BE54-9A1E7A4F7556}") = "4.MergeFiles", "4.MergeFiles\4.MergeFiles.csproj", "{814F61F5-01CA-469C-A0F9-63E606384964}"
EndProject
Project("{FAE04EC0-301F-11D3-BF4B-00C04F79EFBC}") = "5.SliceAFile", "5.SliceAFile\5.SliceAFile.csproj", "{C62906BD-3187-4778-B678-E96234E3A46D}"
EndProject
Project("{FAE04EC0-301F-11D3-BF4B-00C04F79EFBC}") = "6.FolderSize", "6.FolderSize\6.FolderSize.csproj", "{42C45826-92E1-4859-8BFE-574194CD0482}"
EndProject
Global
	GlobalSection(SolutionConfigurationPlatforms) = preSolution
		Debug|Any CPU = Debug|Any CPU
		Release|Any CPU = Release|Any CPU
	EndGlobalSection
	GlobalSection(ProjectConfigurationPlatforms) = postSolution
		{7DCE22F3-90EA-477A-B828-71140E36D0F3}.Debug|Any CPU.ActiveCfg = Debug|Any CPU
		{7DCE22F3-90EA-477A-B828-71140E36D0F3}.Debug|Any CPU.Build.0 = Debug|Any CPU
		{7DCE22F3-90EA-477A-B828-71140E36D0F3}.Release|Any CPU.ActiveCfg = Release|Any CPU
		{7DCE22F3-90EA-477A-B828-71140E36D0F3}.Release|Any CPU.Build.0 = Release|Any CPU
		{FE510204-5266-49D3-A20B-94910FEAF2F0}.Debug|Any CPU.ActiveCfg = Debug|Any CPU
		{FE510204-5266-49D3-A20B-94910FEAF2F0}.Debug|Any CPU.Build.0 = Debug|Any CPU
		{FE510204-5266-49D3-A20B-94910FEAF2F0}.Release|Any CPU.ActiveCfg = Release|Any CPU
		{FE510204-5266-49D3-A20B-94910FEAF2F0}.Release|Any CPU.Build.0 = Release|Any CPU
		{53BE1A9F-9BC3-400A-9EA3-55A0E3116856}.Debug|Any CPU.ActiveCfg = Debug|Any CPU
		{53BE1A9F-9BC3-400A-9EA3-55A0E3116856}.Debug|Any CPU.Build.0 = Debug|Any CPU
		{53BE1A9F-9BC3-400A-9EA3-55A0E3116856}.Release|Any CPU.ActiveCfg = Release|Any CPU
		{53BE1A9F-9BC3-400A-9EA3-55A0E3116856}.Release|Any CPU.Build.0 = Release|Any CPU
		{814F61F5-01CA-469C-A0F9-63E606384964}.Debug|Any CPU.ActiveCfg = Debug|Any CPU
		{814F61F5-01CA-469C-A0F9-63E606384964}.Debug|Any CPU.Build.0 = Debug|Any CPU
		{814F61F5-01CA-469C-A0F9-63E606384964}.Release|Any CPU.ActiveCfg = Release|Any CPU
		{814F61F5-01CA-469C-A0F9-63E606384964}.Release|Any CPU.Build.0 = Release|Any CPU
		{C62906BD-3187-4778-B678-E96234E3A46D}.Debug|Any CPU.ActiveCfg = Debug|Any CPU
		{C62906BD-3187-4778-B678-E96234E3A46D}.Debug|Any CPU.Build.0 = Debug|Any CPU
		{C62906BD-3187-4778-B678-E96234E3A46D}.Release|Any CPU.ActiveCfg = Release|Any CPU
		{C62906BD-3187-4778-B678-E96234E3A46D}.Release|Any CPU.Build.0 = Release|Any CPU
		{42C45826-92E1-4859-8BFE-574194CD0482}.Debug|Any CPU.ActiveCfg = Debug|Any CPU
		{42C45826-92E1-4859-8BFE-574194CD0482}.Debug|Any CPU.Build.0 = Debug|Any CPU
		{42C45826-92E1-4859-8BFE-574194CD0482}.Release|Any CPU.ActiveCfg = Release|Any CPU
		{42C45826-92E1-4859-8BFE-574194CD0482}.Release|Any CPU.Build.0 = Release|Any CPU
	EndGlobalSection
	GlobalSection(SolutionProperties) = preSolution
		HideSolutionNode = FALSE
	EndGlobalSection
	GlobalSection(ExtensibilityGlobals) = postSolution
		SolutionGuid = {26E91278-4D0D-46D6-9AA1-98D078F771F3}
	EndGlobalSection
EndGlobal
