
Microsoft Visual Studio Solution File, Format Version 12.00
# Visual Studio Version 16
VisualStudioVersion = 16.0.31205.134
MinimumVisualStudioVersion = 10.0.40219.1
Project("{9A19103F-16F7-4668-BE54-9A1E7A4F7556}") = "01.ClassBoxData", "01.ClassBoxData\01.ClassBoxData.csproj", "{4A234AF2-68FE-4AFB-880C-C172ED8470F6}"
EndProject
Project("{9A19103F-16F7-4668-BE54-9A1E7A4F7556}") = "02.AnimalFarm", "02.AnimalFarm\02.AnimalFarm.csproj", "{0BB9EB86-CBC5-4AD1-B3C6-230312A90305}"
EndProject
Project("{9A19103F-16F7-4668-BE54-9A1E7A4F7556}") = "03.ShoppingSpree", "03.ShoppingSpree\03.ShoppingSpree.csproj", "{69E5F7B5-96F2-4945-9F10-A1A96FBAC329}"
EndProject
Project("{9A19103F-16F7-4668-BE54-9A1E7A4F7556}") = "05.FootballTeamGenerator", "05.FootballTeamGenerator\05.FootballTeamGenerator.csproj", "{C1D4B4BD-25A1-4C90-BB11-25C78CC62519}"
EndProject
Project("{9A19103F-16F7-4668-BE54-9A1E7A4F7556}") = "04.PizzaCalories", "04.PizzaCalories\04.PizzaCalories.csproj", "{A4D2C0F3-6A84-49F4-AEE7-E76FBE42DE36}"
EndProject
Global
	GlobalSection(SolutionConfigurationPlatforms) = preSolution
		Debug|Any CPU = Debug|Any CPU
		Release|Any CPU = Release|Any CPU
	EndGlobalSection
	GlobalSection(ProjectConfigurationPlatforms) = postSolution
		{4A234AF2-68FE-4AFB-880C-C172ED8470F6}.Debug|Any CPU.ActiveCfg = Debug|Any CPU
		{4A234AF2-68FE-4AFB-880C-C172ED8470F6}.Debug|Any CPU.Build.0 = Debug|Any CPU
		{4A234AF2-68FE-4AFB-880C-C172ED8470F6}.Release|Any CPU.ActiveCfg = Release|Any CPU
		{4A234AF2-68FE-4AFB-880C-C172ED8470F6}.Release|Any CPU.Build.0 = Release|Any CPU
		{0BB9EB86-CBC5-4AD1-B3C6-230312A90305}.Debug|Any CPU.ActiveCfg = Debug|Any CPU
		{0BB9EB86-CBC5-4AD1-B3C6-230312A90305}.Debug|Any CPU.Build.0 = Debug|Any CPU
		{0BB9EB86-CBC5-4AD1-B3C6-230312A90305}.Release|Any CPU.ActiveCfg = Release|Any CPU
		{0BB9EB86-CBC5-4AD1-B3C6-230312A90305}.Release|Any CPU.Build.0 = Release|Any CPU
		{69E5F7B5-96F2-4945-9F10-A1A96FBAC329}.Debug|Any CPU.ActiveCfg = Debug|Any CPU
		{69E5F7B5-96F2-4945-9F10-A1A96FBAC329}.Debug|Any CPU.Build.0 = Debug|Any CPU
		{69E5F7B5-96F2-4945-9F10-A1A96FBAC329}.Release|Any CPU.ActiveCfg = Release|Any CPU
		{69E5F7B5-96F2-4945-9F10-A1A96FBAC329}.Release|Any CPU.Build.0 = Release|Any CPU
		{C1D4B4BD-25A1-4C90-BB11-25C78CC62519}.Debug|Any CPU.ActiveCfg = Debug|Any CPU
		{C1D4B4BD-25A1-4C90-BB11-25C78CC62519}.Debug|Any CPU.Build.0 = Debug|Any CPU
		{C1D4B4BD-25A1-4C90-BB11-25C78CC62519}.Release|Any CPU.ActiveCfg = Release|Any CPU
		{C1D4B4BD-25A1-4C90-BB11-25C78CC62519}.Release|Any CPU.Build.0 = Release|Any CPU
		{A4D2C0F3-6A84-49F4-AEE7-E76FBE42DE36}.Debug|Any CPU.ActiveCfg = Debug|Any CPU
		{A4D2C0F3-6A84-49F4-AEE7-E76FBE42DE36}.Debug|Any CPU.Build.0 = Debug|Any CPU
		{A4D2C0F3-6A84-49F4-AEE7-E76FBE42DE36}.Release|Any CPU.ActiveCfg = Release|Any CPU
		{A4D2C0F3-6A84-49F4-AEE7-E76FBE42DE36}.Release|Any CPU.Build.0 = Release|Any CPU
	EndGlobalSection
	GlobalSection(SolutionProperties) = preSolution
		HideSolutionNode = FALSE
	EndGlobalSection
	GlobalSection(ExtensibilityGlobals) = postSolution
		SolutionGuid = {FD1434C9-EBB5-443C-B0C5-756FA21A15E5}
	EndGlobalSection
EndGlobal
