
Microsoft Visual Studio Solution File, Format Version 12.00
# Visual Studio Version 16
VisualStudioVersion = 16.0.30804.86
MinimumVisualStudioVersion = 10.0.40219.1
Project("{9A19103F-16F7-4668-BE54-9A1E7A4F7556}") = "02.SuperMario", "02.SuperMario\02.SuperMario.csproj", "{A0B0B885-00C0-471E-B717-83E291ABCEE5}"
EndProject
Project("{9A19103F-16F7-4668-BE54-9A1E7A4F7556}") = "CocktailParty", "03.CocktailParty\CocktailParty.csproj", "{AB53780C-EBB6-4814-8F03-CB27C23F2658}"
EndProject
Project("{FAE04EC0-301F-11D3-BF4B-00C04F79EFBC}") = "01.WarmWinter", "01.WarmWinter\01.WarmWinter.csproj", "{BE25CE4B-DA6A-474C-A1D3-1D00330BF7CD}"
EndProject
Global
	GlobalSection(SolutionConfigurationPlatforms) = preSolution
		Debug|Any CPU = Debug|Any CPU
		Release|Any CPU = Release|Any CPU
	EndGlobalSection
	GlobalSection(ProjectConfigurationPlatforms) = postSolution
		{A0B0B885-00C0-471E-B717-83E291ABCEE5}.Debug|Any CPU.ActiveCfg = Debug|Any CPU
		{A0B0B885-00C0-471E-B717-83E291ABCEE5}.Debug|Any CPU.Build.0 = Debug|Any CPU
		{A0B0B885-00C0-471E-B717-83E291ABCEE5}.Release|Any CPU.ActiveCfg = Release|Any CPU
		{A0B0B885-00C0-471E-B717-83E291ABCEE5}.Release|Any CPU.Build.0 = Release|Any CPU
		{AB53780C-EBB6-4814-8F03-CB27C23F2658}.Debug|Any CPU.ActiveCfg = Debug|Any CPU
		{AB53780C-EBB6-4814-8F03-CB27C23F2658}.Debug|Any CPU.Build.0 = Debug|Any CPU
		{AB53780C-EBB6-4814-8F03-CB27C23F2658}.Release|Any CPU.ActiveCfg = Release|Any CPU
		{AB53780C-EBB6-4814-8F03-CB27C23F2658}.Release|Any CPU.Build.0 = Release|Any CPU
		{BE25CE4B-DA6A-474C-A1D3-1D00330BF7CD}.Debug|Any CPU.ActiveCfg = Debug|Any CPU
		{BE25CE4B-DA6A-474C-A1D3-1D00330BF7CD}.Debug|Any CPU.Build.0 = Debug|Any CPU
		{BE25CE4B-DA6A-474C-A1D3-1D00330BF7CD}.Release|Any CPU.ActiveCfg = Release|Any CPU
		{BE25CE4B-DA6A-474C-A1D3-1D00330BF7CD}.Release|Any CPU.Build.0 = Release|Any CPU
	EndGlobalSection
	GlobalSection(SolutionProperties) = preSolution
		HideSolutionNode = FALSE
	EndGlobalSection
	GlobalSection(ExtensibilityGlobals) = postSolution
		SolutionGuid = {14195B92-F1FA-4907-B66E-915742906984}
	EndGlobalSection
EndGlobal
