
Microsoft Visual Studio Solution File, Format Version 12.00
# Visual Studio Version 16
VisualStudioVersion = 16.0.31205.134
MinimumVisualStudioVersion = 10.0.40219.1
Project("{FAE04EC0-301F-11D3-BF4B-00C04F79EFBC}") = "01.Car", "01.Car\01.Car.csproj", "{B1B0AE5E-C8D8-44F7-AEC8-AB48851BF7A7}"
EndProject
Project("{FAE04EC0-301F-11D3-BF4B-00C04F79EFBC}") = "02.CarExtension", "02.CarExtension\02.CarExtension.csproj", "{5CEA8C1D-E0F1-4BCB-8321-72FECBFD51A7}"
EndProject
Project("{FAE04EC0-301F-11D3-BF4B-00C04F79EFBC}") = "03.CarConstructors", "03.CarConstructors\03.CarConstructors.csproj", "{C9C24071-E181-40B9-B9DA-24485F7D3F3A}"
EndProject
Project("{FAE04EC0-301F-11D3-BF4B-00C04F79EFBC}") = "04.CarEngineAndTires", "04.CarEngineAndTires\04.CarEngineAndTires.csproj", "{10E2BEC0-AE0F-4B8A-BA33-9306488384E0}"
EndProject
Project("{FAE04EC0-301F-11D3-BF4B-00C04F79EFBC}") = "05.SpecialCars", "05.SpecialCars\05.SpecialCars.csproj", "{97BC4F80-73B9-4006-A546-3D2736C5DC34}"
EndProject
Global
	GlobalSection(SolutionConfigurationPlatforms) = preSolution
		Debug|Any CPU = Debug|Any CPU
		Release|Any CPU = Release|Any CPU
	EndGlobalSection
	GlobalSection(ProjectConfigurationPlatforms) = postSolution
		{B1B0AE5E-C8D8-44F7-AEC8-AB48851BF7A7}.Debug|Any CPU.ActiveCfg = Debug|Any CPU
		{B1B0AE5E-C8D8-44F7-AEC8-AB48851BF7A7}.Debug|Any CPU.Build.0 = Debug|Any CPU
		{B1B0AE5E-C8D8-44F7-AEC8-AB48851BF7A7}.Release|Any CPU.ActiveCfg = Release|Any CPU
		{B1B0AE5E-C8D8-44F7-AEC8-AB48851BF7A7}.Release|Any CPU.Build.0 = Release|Any CPU
		{5CEA8C1D-E0F1-4BCB-8321-72FECBFD51A7}.Debug|Any CPU.ActiveCfg = Debug|Any CPU
		{5CEA8C1D-E0F1-4BCB-8321-72FECBFD51A7}.Debug|Any CPU.Build.0 = Debug|Any CPU
		{5CEA8C1D-E0F1-4BCB-8321-72FECBFD51A7}.Release|Any CPU.ActiveCfg = Release|Any CPU
		{5CEA8C1D-E0F1-4BCB-8321-72FECBFD51A7}.Release|Any CPU.Build.0 = Release|Any CPU
		{C9C24071-E181-40B9-B9DA-24485F7D3F3A}.Debug|Any CPU.ActiveCfg = Debug|Any CPU
		{C9C24071-E181-40B9-B9DA-24485F7D3F3A}.Debug|Any CPU.Build.0 = Debug|Any CPU
		{C9C24071-E181-40B9-B9DA-24485F7D3F3A}.Release|Any CPU.ActiveCfg = Release|Any CPU
		{C9C24071-E181-40B9-B9DA-24485F7D3F3A}.Release|Any CPU.Build.0 = Release|Any CPU
		{10E2BEC0-AE0F-4B8A-BA33-9306488384E0}.Debug|Any CPU.ActiveCfg = Debug|Any CPU
		{10E2BEC0-AE0F-4B8A-BA33-9306488384E0}.Debug|Any CPU.Build.0 = Debug|Any CPU
		{10E2BEC0-AE0F-4B8A-BA33-9306488384E0}.Release|Any CPU.ActiveCfg = Release|Any CPU
		{10E2BEC0-AE0F-4B8A-BA33-9306488384E0}.Release|Any CPU.Build.0 = Release|Any CPU
		{97BC4F80-73B9-4006-A546-3D2736C5DC34}.Debug|Any CPU.ActiveCfg = Debug|Any CPU
		{97BC4F80-73B9-4006-A546-3D2736C5DC34}.Debug|Any CPU.Build.0 = Debug|Any CPU
		{97BC4F80-73B9-4006-A546-3D2736C5DC34}.Release|Any CPU.ActiveCfg = Release|Any CPU
		{97BC4F80-73B9-4006-A546-3D2736C5DC34}.Release|Any CPU.Build.0 = Release|Any CPU
	EndGlobalSection
	GlobalSection(SolutionProperties) = preSolution
		HideSolutionNode = FALSE
	EndGlobalSection
	GlobalSection(ExtensibilityGlobals) = postSolution
		SolutionGuid = {6CA919C8-3E40-4C72-9ECD-3E46D381FAA5}
	EndGlobalSection
EndGlobal
