
Microsoft Visual Studio Solution File, Format Version 12.00
# Visual Studio Version 16
VisualStudioVersion = 16.0.30804.86
MinimumVisualStudioVersion = 10.0.40219.1
Project("{9A19103F-16F7-4668-BE54-9A1E7A4F7556}") = "01.SingleInheritance", "01.SingleInheritance\01.SingleInheritance.csproj", "{FCC88B04-F847-4E82-A26D-368ED6CFA816}"
EndProject
Project("{9A19103F-16F7-4668-BE54-9A1E7A4F7556}") = "02.MultipleInheritance", "02.MultipleInheritance\02.MultipleInheritance.csproj", "{10B41506-0C5D-47E0-8C20-E71E59BE1366}"
EndProject
Project("{9A19103F-16F7-4668-BE54-9A1E7A4F7556}") = "04.RandomList", "04.RandomList\04.RandomList.csproj", "{F1C2195C-D8CC-41FC-AF81-E08BF7A627B4}"
EndProject
Project("{9A19103F-16F7-4668-BE54-9A1E7A4F7556}") = "03.HierarchicalInheritance", "03.HierarchicalInheritance\03.HierarchicalInheritance.csproj", "{420AA010-0F4F-40F4-BC66-6F83D8EB5E73}"
EndProject
Global
	GlobalSection(SolutionConfigurationPlatforms) = preSolution
		Debug|Any CPU = Debug|Any CPU
		Release|Any CPU = Release|Any CPU
	EndGlobalSection
	GlobalSection(ProjectConfigurationPlatforms) = postSolution
		{FCC88B04-F847-4E82-A26D-368ED6CFA816}.Debug|Any CPU.ActiveCfg = Debug|Any CPU
		{FCC88B04-F847-4E82-A26D-368ED6CFA816}.Debug|Any CPU.Build.0 = Debug|Any CPU
		{FCC88B04-F847-4E82-A26D-368ED6CFA816}.Release|Any CPU.ActiveCfg = Release|Any CPU
		{FCC88B04-F847-4E82-A26D-368ED6CFA816}.Release|Any CPU.Build.0 = Release|Any CPU
		{10B41506-0C5D-47E0-8C20-E71E59BE1366}.Debug|Any CPU.ActiveCfg = Debug|Any CPU
		{10B41506-0C5D-47E0-8C20-E71E59BE1366}.Debug|Any CPU.Build.0 = Debug|Any CPU
		{10B41506-0C5D-47E0-8C20-E71E59BE1366}.Release|Any CPU.ActiveCfg = Release|Any CPU
		{10B41506-0C5D-47E0-8C20-E71E59BE1366}.Release|Any CPU.Build.0 = Release|Any CPU
		{F1C2195C-D8CC-41FC-AF81-E08BF7A627B4}.Debug|Any CPU.ActiveCfg = Debug|Any CPU
		{F1C2195C-D8CC-41FC-AF81-E08BF7A627B4}.Debug|Any CPU.Build.0 = Debug|Any CPU
		{F1C2195C-D8CC-41FC-AF81-E08BF7A627B4}.Release|Any CPU.ActiveCfg = Release|Any CPU
		{F1C2195C-D8CC-41FC-AF81-E08BF7A627B4}.Release|Any CPU.Build.0 = Release|Any CPU
		{420AA010-0F4F-40F4-BC66-6F83D8EB5E73}.Debug|Any CPU.ActiveCfg = Debug|Any CPU
		{420AA010-0F4F-40F4-BC66-6F83D8EB5E73}.Debug|Any CPU.Build.0 = Debug|Any CPU
		{420AA010-0F4F-40F4-BC66-6F83D8EB5E73}.Release|Any CPU.ActiveCfg = Release|Any CPU
		{420AA010-0F4F-40F4-BC66-6F83D8EB5E73}.Release|Any CPU.Build.0 = Release|Any CPU
	EndGlobalSection
	GlobalSection(SolutionProperties) = preSolution
		HideSolutionNode = FALSE
	EndGlobalSection
	GlobalSection(ExtensibilityGlobals) = postSolution
		SolutionGuid = {3E18931C-EA62-476E-9E5D-380AB2A3F141}
	EndGlobalSection
EndGlobal
