
Microsoft Visual Studio Solution File, Format Version 12.00
# Visual Studio Version 16
VisualStudioVersion = 16.0.30804.86
MinimumVisualStudioVersion = 10.0.40219.1
Project("{FAE04EC0-301F-11D3-BF4B-00C04F79EFBC}") = "01.SingleInheritance", "01.SingleInheritance\01.SingleInheritance.csproj", "{FCC88B04-F847-4E82-A26D-368ED6CFA816}"
EndProject
Global
	GlobalSection(SolutionConfigurationPlatforms) = preSolution
		Debug|Any CPU = Debug|Any CPU
		Release|Any CPU = Release|Any CPU
	EndGlobalSection
	GlobalSection(ProjectConfigurationPlatforms) = postSolution
		{FCC88B04-F847-4E82-A26D-368ED6CFA816}.Debug|Any CPU.ActiveCfg = Debug|Any CPU
		{FCC88B04-F847-4E82-A26D-368ED6CFA816}.Debug|Any CPU.Build.0 = Debug|Any CPU
		{FCC88B04-F847-4E82-A26D-368ED6CFA816}.Release|Any CPU.ActiveCfg = Release|Any CPU
		{FCC88B04-F847-4E82-A26D-368ED6CFA816}.Release|Any CPU.Build.0 = Release|Any CPU
	EndGlobalSection
	GlobalSection(SolutionProperties) = preSolution
		HideSolutionNode = FALSE
	EndGlobalSection
	GlobalSection(ExtensibilityGlobals) = postSolution
		SolutionGuid = {3E18931C-EA62-476E-9E5D-380AB2A3F141}
	EndGlobalSection
EndGlobal
