
Microsoft Visual Studio Solution File, Format Version 12.00
# Visual Studio Version 16
VisualStudioVersion = 16.0.30804.86
MinimumVisualStudioVersion = 10.0.40219.1
Project("{9A19103F-16F7-4668-BE54-9A1E7A4F7556}") = "01.DefineAClassPerson", "01.DefineAClassPerson\01.DefineAClassPerson.csproj", "{BAC54347-6CBE-4FA3-89B9-6D769DCA7010}"
EndProject
Project("{9A19103F-16F7-4668-BE54-9A1E7A4F7556}") = "02.CreatingConstructors", "02.CreatingConstructors\02.CreatingConstructors.csproj", "{FE7DC1B8-9459-4A60-9520-D7A4C31AC972}"
EndProject
Project("{9A19103F-16F7-4668-BE54-9A1E7A4F7556}") = "03.OldestFamilyMember", "03.OldestFamilyMember\03.OldestFamilyMember.csproj", "{AD301606-CF84-4BC5-8C3C-22D26FE5B0FA}"
EndProject
Project("{9A19103F-16F7-4668-BE54-9A1E7A4F7556}") = "04.OpinionPoll", "04.OpinionPoll\04.OpinionPoll.csproj", "{76C21F50-5721-442D-8E6C-CC2E56DA54D1}"
EndProject
Project("{9A19103F-16F7-4668-BE54-9A1E7A4F7556}") = "05.DateModifier", "05.DateModifier\05.DateModifier.csproj", "{5929EDFF-D060-4218-A4D9-B7D087C180D6}"
EndProject
Project("{9A19103F-16F7-4668-BE54-9A1E7A4F7556}") = "06.SpeedRacing", "06.SpeedRacing\06.SpeedRacing.csproj", "{FCEA6E8E-EC41-4B93-83CA-D4F7B7B55756}"
EndProject
Project("{9A19103F-16F7-4668-BE54-9A1E7A4F7556}") = "07.RawData", "07.RawData\07.RawData.csproj", "{69807A3C-B1C2-4D5B-8009-B3E4D8B52DAF}"
EndProject
Project("{FAE04EC0-301F-11D3-BF4B-00C04F79EFBC}") = "08.CarSalesman", "08.CarSalesman\08.CarSalesman.csproj", "{1C9865DD-28F7-4763-BA73-F75A2906CA39}"
EndProject
Global
	GlobalSection(SolutionConfigurationPlatforms) = preSolution
		Debug|Any CPU = Debug|Any CPU
		Release|Any CPU = Release|Any CPU
	EndGlobalSection
	GlobalSection(ProjectConfigurationPlatforms) = postSolution
		{BAC54347-6CBE-4FA3-89B9-6D769DCA7010}.Debug|Any CPU.ActiveCfg = Debug|Any CPU
		{BAC54347-6CBE-4FA3-89B9-6D769DCA7010}.Debug|Any CPU.Build.0 = Debug|Any CPU
		{BAC54347-6CBE-4FA3-89B9-6D769DCA7010}.Release|Any CPU.ActiveCfg = Release|Any CPU
		{BAC54347-6CBE-4FA3-89B9-6D769DCA7010}.Release|Any CPU.Build.0 = Release|Any CPU
		{FE7DC1B8-9459-4A60-9520-D7A4C31AC972}.Debug|Any CPU.ActiveCfg = Debug|Any CPU
		{FE7DC1B8-9459-4A60-9520-D7A4C31AC972}.Debug|Any CPU.Build.0 = Debug|Any CPU
		{FE7DC1B8-9459-4A60-9520-D7A4C31AC972}.Release|Any CPU.ActiveCfg = Release|Any CPU
		{FE7DC1B8-9459-4A60-9520-D7A4C31AC972}.Release|Any CPU.Build.0 = Release|Any CPU
		{AD301606-CF84-4BC5-8C3C-22D26FE5B0FA}.Debug|Any CPU.ActiveCfg = Debug|Any CPU
		{AD301606-CF84-4BC5-8C3C-22D26FE5B0FA}.Debug|Any CPU.Build.0 = Debug|Any CPU
		{AD301606-CF84-4BC5-8C3C-22D26FE5B0FA}.Release|Any CPU.ActiveCfg = Release|Any CPU
		{AD301606-CF84-4BC5-8C3C-22D26FE5B0FA}.Release|Any CPU.Build.0 = Release|Any CPU
		{76C21F50-5721-442D-8E6C-CC2E56DA54D1}.Debug|Any CPU.ActiveCfg = Debug|Any CPU
		{76C21F50-5721-442D-8E6C-CC2E56DA54D1}.Debug|Any CPU.Build.0 = Debug|Any CPU
		{76C21F50-5721-442D-8E6C-CC2E56DA54D1}.Release|Any CPU.ActiveCfg = Release|Any CPU
		{76C21F50-5721-442D-8E6C-CC2E56DA54D1}.Release|Any CPU.Build.0 = Release|Any CPU
		{5929EDFF-D060-4218-A4D9-B7D087C180D6}.Debug|Any CPU.ActiveCfg = Debug|Any CPU
		{5929EDFF-D060-4218-A4D9-B7D087C180D6}.Debug|Any CPU.Build.0 = Debug|Any CPU
		{5929EDFF-D060-4218-A4D9-B7D087C180D6}.Release|Any CPU.ActiveCfg = Release|Any CPU
		{5929EDFF-D060-4218-A4D9-B7D087C180D6}.Release|Any CPU.Build.0 = Release|Any CPU
		{FCEA6E8E-EC41-4B93-83CA-D4F7B7B55756}.Debug|Any CPU.ActiveCfg = Debug|Any CPU
		{FCEA6E8E-EC41-4B93-83CA-D4F7B7B55756}.Debug|Any CPU.Build.0 = Debug|Any CPU
		{FCEA6E8E-EC41-4B93-83CA-D4F7B7B55756}.Release|Any CPU.ActiveCfg = Release|Any CPU
		{FCEA6E8E-EC41-4B93-83CA-D4F7B7B55756}.Release|Any CPU.Build.0 = Release|Any CPU
		{69807A3C-B1C2-4D5B-8009-B3E4D8B52DAF}.Debug|Any CPU.ActiveCfg = Debug|Any CPU
		{69807A3C-B1C2-4D5B-8009-B3E4D8B52DAF}.Debug|Any CPU.Build.0 = Debug|Any CPU
		{69807A3C-B1C2-4D5B-8009-B3E4D8B52DAF}.Release|Any CPU.ActiveCfg = Release|Any CPU
		{69807A3C-B1C2-4D5B-8009-B3E4D8B52DAF}.Release|Any CPU.Build.0 = Release|Any CPU
		{1C9865DD-28F7-4763-BA73-F75A2906CA39}.Debug|Any CPU.ActiveCfg = Debug|Any CPU
		{1C9865DD-28F7-4763-BA73-F75A2906CA39}.Debug|Any CPU.Build.0 = Debug|Any CPU
		{1C9865DD-28F7-4763-BA73-F75A2906CA39}.Release|Any CPU.ActiveCfg = Release|Any CPU
		{1C9865DD-28F7-4763-BA73-F75A2906CA39}.Release|Any CPU.Build.0 = Release|Any CPU
	EndGlobalSection
	GlobalSection(SolutionProperties) = preSolution
		HideSolutionNode = FALSE
	EndGlobalSection
	GlobalSection(ExtensibilityGlobals) = postSolution
		SolutionGuid = {4A07C67A-8BAE-438E-B91B-45C72440A65E}
	EndGlobalSection
EndGlobal
