
Microsoft Visual Studio Solution File, Format Version 12.00
# Visual Studio Version 16
VisualStudioVersion = 16.0.31205.134
MinimumVisualStudioVersion = 10.0.40219.1
Project("{9A19103F-16F7-4668-BE54-9A1E7A4F7556}") = "01.Cooking", "01.Cooking\01.Cooking.csproj", "{B8171B72-089F-412A-B5BD-22CC0275008C}"
EndProject
Project("{9A19103F-16F7-4668-BE54-9A1E7A4F7556}") = "02.Selling", "02.Selling\02.Selling.csproj", "{7881994F-A469-47A6-A234-8D29A6FC5C7D}"
EndProject
Project("{FAE04EC0-301F-11D3-BF4B-00C04F79EFBC}") = "03.Openning", "03.Openning\03.Openning.csproj", "{75D5B78E-C320-49C0-AD31-CDD0B49DBDF8}"
EndProject
Global
	GlobalSection(SolutionConfigurationPlatforms) = preSolution
		Debug|Any CPU = Debug|Any CPU
		Release|Any CPU = Release|Any CPU
	EndGlobalSection
	GlobalSection(ProjectConfigurationPlatforms) = postSolution
		{B8171B72-089F-412A-B5BD-22CC0275008C}.Debug|Any CPU.ActiveCfg = Debug|Any CPU
		{B8171B72-089F-412A-B5BD-22CC0275008C}.Debug|Any CPU.Build.0 = Debug|Any CPU
		{B8171B72-089F-412A-B5BD-22CC0275008C}.Release|Any CPU.ActiveCfg = Release|Any CPU
		{B8171B72-089F-412A-B5BD-22CC0275008C}.Release|Any CPU.Build.0 = Release|Any CPU
		{7881994F-A469-47A6-A234-8D29A6FC5C7D}.Debug|Any CPU.ActiveCfg = Debug|Any CPU
		{7881994F-A469-47A6-A234-8D29A6FC5C7D}.Debug|Any CPU.Build.0 = Debug|Any CPU
		{7881994F-A469-47A6-A234-8D29A6FC5C7D}.Release|Any CPU.ActiveCfg = Release|Any CPU
		{7881994F-A469-47A6-A234-8D29A6FC5C7D}.Release|Any CPU.Build.0 = Release|Any CPU
		{75D5B78E-C320-49C0-AD31-CDD0B49DBDF8}.Debug|Any CPU.ActiveCfg = Debug|Any CPU
		{75D5B78E-C320-49C0-AD31-CDD0B49DBDF8}.Debug|Any CPU.Build.0 = Debug|Any CPU
		{75D5B78E-C320-49C0-AD31-CDD0B49DBDF8}.Release|Any CPU.ActiveCfg = Release|Any CPU
		{75D5B78E-C320-49C0-AD31-CDD0B49DBDF8}.Release|Any CPU.Build.0 = Release|Any CPU
	EndGlobalSection
	GlobalSection(SolutionProperties) = preSolution
		HideSolutionNode = FALSE
	EndGlobalSection
	GlobalSection(ExtensibilityGlobals) = postSolution
		SolutionGuid = {D53A87A1-8706-4A6F-84F7-AA57BB0DAA23}
	EndGlobalSection
EndGlobal
