
Microsoft Visual Studio Solution File, Format Version 12.00
# Visual Studio Version 16
VisualStudioVersion = 16.0.31205.134
MinimumVisualStudioVersion = 10.0.40219.1
Project("{FAE04EC0-301F-11D3-BF4B-00C04F79EFBC}") = "01.Cooking", "01.Cooking\01.Cooking.csproj", "{B8171B72-089F-412A-B5BD-22CC0275008C}"
EndProject
Global
	GlobalSection(SolutionConfigurationPlatforms) = preSolution
		Debug|Any CPU = Debug|Any CPU
		Release|Any CPU = Release|Any CPU
	EndGlobalSection
	GlobalSection(ProjectConfigurationPlatforms) = postSolution
		{B8171B72-089F-412A-B5BD-22CC0275008C}.Debug|Any CPU.ActiveCfg = Debug|Any CPU
		{B8171B72-089F-412A-B5BD-22CC0275008C}.Debug|Any CPU.Build.0 = Debug|Any CPU
		{B8171B72-089F-412A-B5BD-22CC0275008C}.Release|Any CPU.ActiveCfg = Release|Any CPU
		{B8171B72-089F-412A-B5BD-22CC0275008C}.Release|Any CPU.Build.0 = Release|Any CPU
	EndGlobalSection
	GlobalSection(SolutionProperties) = preSolution
		HideSolutionNode = FALSE
	EndGlobalSection
	GlobalSection(ExtensibilityGlobals) = postSolution
		SolutionGuid = {D53A87A1-8706-4A6F-84F7-AA57BB0DAA23}
	EndGlobalSection
EndGlobal
