
Microsoft Visual Studio Solution File, Format Version 12.00
# Visual Studio Version 16
VisualStudioVersion = 16.0.30804.86
MinimumVisualStudioVersion = 10.0.40219.1
Project("{FAE04EC0-301F-11D3-BF4B-00C04F79EFBC}") = "01.BoxOfT", "01.BoxOfT\01.BoxOfT.csproj", "{070B05E1-D44F-4180-91DA-0101E92CA2D3}"
EndProject
Project("{FAE04EC0-301F-11D3-BF4B-00C04F79EFBC}") = "02.GenericArrayCreator", "02.GenericArrayCreator\02.GenericArrayCreator.csproj", "{5AD00CBC-268A-418C-A4AF-DF4617357D9D}"
EndProject
Global
	GlobalSection(SolutionConfigurationPlatforms) = preSolution
		Debug|Any CPU = Debug|Any CPU
		Release|Any CPU = Release|Any CPU
	EndGlobalSection
	GlobalSection(ProjectConfigurationPlatforms) = postSolution
		{070B05E1-D44F-4180-91DA-0101E92CA2D3}.Debug|Any CPU.ActiveCfg = Debug|Any CPU
		{070B05E1-D44F-4180-91DA-0101E92CA2D3}.Debug|Any CPU.Build.0 = Debug|Any CPU
		{070B05E1-D44F-4180-91DA-0101E92CA2D3}.Release|Any CPU.ActiveCfg = Release|Any CPU
		{070B05E1-D44F-4180-91DA-0101E92CA2D3}.Release|Any CPU.Build.0 = Release|Any CPU
		{5AD00CBC-268A-418C-A4AF-DF4617357D9D}.Debug|Any CPU.ActiveCfg = Debug|Any CPU
		{5AD00CBC-268A-418C-A4AF-DF4617357D9D}.Debug|Any CPU.Build.0 = Debug|Any CPU
		{5AD00CBC-268A-418C-A4AF-DF4617357D9D}.Release|Any CPU.ActiveCfg = Release|Any CPU
		{5AD00CBC-268A-418C-A4AF-DF4617357D9D}.Release|Any CPU.Build.0 = Release|Any CPU
	EndGlobalSection
	GlobalSection(SolutionProperties) = preSolution
		HideSolutionNode = FALSE
	EndGlobalSection
	GlobalSection(ExtensibilityGlobals) = postSolution
		SolutionGuid = {368B55DA-CBBF-453F-8411-3C6A666E6AA4}
	EndGlobalSection
EndGlobal
